
Microsoft Visual Studio Solution File, Format Version 12.00
# Visual Studio 14
VisualStudioVersion = 14.0.25420.1
MinimumVisualStudioVersion = 10.0.40219.1
Project("{2150E333-8FDC-42A3-9474-1A3956D46DE8}") = "src", "src", "{DB450B12-C4BE-40C0-A772-894464FE60CD}"
EndProject
Project("{2150E333-8FDC-42A3-9474-1A3956D46DE8}") = "Solution Items", "Solution Items", "{19ED16B6-4FAE-4B2A-B7D7-C9AB697491E8}"
	ProjectSection(SolutionItems) = preProject
		global.json = global.json
	EndProjectSection
EndProject
Project("{8BB2217D-0F2D-49D1-97BC-3654ED321F3B}") = "UI", "src\UI\UI.xproj", "{170E4F44-7927-451B-81A1-BE9A90A49BC3}"
EndProject
Project("{8BB2217D-0F2D-49D1-97BC-3654ED321F3B}") = "Identity", "src\Identity\Identity.xproj", "{15781CCF-A94A-4E5D-9B07-45298A3121D0}"
EndProject
Global
	GlobalSection(SolutionConfigurationPlatforms) = preSolution
		Debug|Any CPU = Debug|Any CPU
		Release|Any CPU = Release|Any CPU
	EndGlobalSection
	GlobalSection(ProjectConfigurationPlatforms) = postSolution
		{170E4F44-7927-451B-81A1-BE9A90A49BC3}.Debug|Any CPU.ActiveCfg = Debug|Any CPU
		{170E4F44-7927-451B-81A1-BE9A90A49BC3}.Debug|Any CPU.Build.0 = Debug|Any CPU
		{170E4F44-7927-451B-81A1-BE9A90A49BC3}.Release|Any CPU.ActiveCfg = Release|Any CPU
		{170E4F44-7927-451B-81A1-BE9A90A49BC3}.Release|Any CPU.Build.0 = Release|Any CPU
		{15781CCF-A94A-4E5D-9B07-45298A3121D0}.Debug|Any CPU.ActiveCfg = Debug|Any CPU
		{15781CCF-A94A-4E5D-9B07-45298A3121D0}.Debug|Any CPU.Build.0 = Debug|Any CPU
		{15781CCF-A94A-4E5D-9B07-45298A3121D0}.Release|Any CPU.ActiveCfg = Release|Any CPU
		{15781CCF-A94A-4E5D-9B07-45298A3121D0}.Release|Any CPU.Build.0 = Release|Any CPU
	EndGlobalSection
	GlobalSection(SolutionProperties) = preSolution
		HideSolutionNode = FALSE
	EndGlobalSection
	GlobalSection(NestedProjects) = preSolution
		{170E4F44-7927-451B-81A1-BE9A90A49BC3} = {DB450B12-C4BE-40C0-A772-894464FE60CD}
		{15781CCF-A94A-4E5D-9B07-45298A3121D0} = {DB450B12-C4BE-40C0-A772-894464FE60CD}
	EndGlobalSection
EndGlobal
